schema: '2.0'
stages:
  DQC-raw:
    cmd: python data/DQC.py ../data/raw
    deps:
    - path: ../data/raw
      md5: 54b3da269fb43396b3e5cfcab5f03e62.dir
      size: 99362085
      nfiles: 11
    - path: data/DQC.py
      md5: e2faf99a3f131f4db2d5a02c01547642
      size: 643
  ETL:
    cmd: python data/ETL.py ../data/raw ../data/etl
    deps:
    - path: ../data/raw
      md5: 54b3da269fb43396b3e5cfcab5f03e62.dir
      size: 99362085
      nfiles: 11
    - path: data/ETL.py
      md5: 048c24f812ce0ea0487d2dee84480cd4
      size: 131
    outs:
    - path: ../data/etl
      md5: f0042791d1cba101fea8ac562cf3ffa5.dir
      size: 103669798
      nfiles: 5
  DQC-etl:
    cmd: python data/DQC.py ../data/etl
    deps:
    - path: ../data/etl
      md5: f0042791d1cba101fea8ac562cf3ffa5.dir
      size: 103669798
      nfiles: 5
    - path: data/DQC.py
      md5: e2faf99a3f131f4db2d5a02c01547642
      size: 643
  feature_engineering:
    cmd: python features/feature_engineering.py ../data/etl ../data/features
    deps:
    - path: ../data/etl
      md5: f0042791d1cba101fea8ac562cf3ffa5.dir
      size: 103669798
      nfiles: 5
    - path: features/feature_engineering.py
      md5: c67425ed7d4a37584e2cd17ffb67d9cc
      size: 989
    outs:
    - path: ../data/features
      md5: d22d02e5760b4e1cd6aa8e89cd9dac33.dir
      size: 130278630
      nfiles: 8
  feature_extraction:
    cmd: python features/feature_extractor.py ../data/etl/sales_train.csv ../data/features
      ../data/unprocessed
    deps:
    - path: ../data/etl/sales_train.csv
      md5: 97cf31854da7ed02bebd9c5d978587a2
      size: 97287335
    - path: ../data/features
      md5: d22d02e5760b4e1cd6aa8e89cd9dac33.dir
      size: 130278630
      nfiles: 8
    - path: features/feature_extractor.py
      md5: abb9b6f3598391df9777573651c63ee4
      size: 2069
    - path: features/split_config.json
      md5: 1c971802eea928687857bf4dcb41c776
      size: 85
    outs:
    - path: ../data/unprocessed/train.csv
      md5: 4e666044ebaac59b0fa1b4a3c3782a6d
      size: 232133268
    - path: ../data/unprocessed/val.csv
      md5: ba9d354571939bd0e36f8ec9babcb1a2
      size: 6101203
  preprocessing:
    cmd: python features/preprocessing.py ../data/unprocessed ../data/processed
    deps:
    - path: ../data/unprocessed/train.csv
      md5: 4e666044ebaac59b0fa1b4a3c3782a6d
      size: 232133268
    - path: ../data/unprocessed/val.csv
      md5: ba9d354571939bd0e36f8ec9babcb1a2
      size: 6101203
    - path: features/preprocessing.py
      md5: 276a8cecfa88a01ae3596caee08e5462
      size: 836
    outs:
    - path: ../data/processed/train_x.csv
      md5: 9ebea259351ae13ce693c61c5b5b6cfa
      size: 695368502
    - path: ../data/processed/train_y.csv
      md5: 4dcaa9651f3aef8d99b0364eaf555a7e
      size: 25190562
    - path: ../data/processed/val_x.csv
      md5: fbd0c00d0110a417d59ba56e22b4934b
      size: 18043594
    - path: ../data/processed/val_y.csv
      md5: 7e919040d1aa42399a71b6df76c4c007
      size: 650097
