schema: '2.0'
stages:
  DQC-raw:
    cmd: python data/DQC.py ../data/raw
    deps:
    - path: ../data/raw
      md5: 54b3da269fb43396b3e5cfcab5f03e62.dir
      size: 99362085
      nfiles: 11
    - path: data/DQC.py
      md5: e2faf99a3f131f4db2d5a02c01547642
      size: 643
  ETL:
    cmd: python data/ETL.py ../data/raw ../data/etl
    deps:
    - path: ../data/raw
      md5: 54b3da269fb43396b3e5cfcab5f03e62.dir
      size: 99362085
      nfiles: 11
    - path: data/ETL.py
      md5: 4e959b8a22e59ccce6ddb8510a6cdf0b
      size: 135
    outs:
    - path: ../data/etl
      md5: ce9bbab6fcee803efda9f2f4bd11195f.dir
      size: 103669759
      nfiles: 5
  DQC-etl:
    cmd: python data/DQC.py ../data/etl
    deps:
    - path: ../data/etl
      md5: ce9bbab6fcee803efda9f2f4bd11195f.dir
      size: 103669759
      nfiles: 5
    - path: data/DQC.py
      md5: e2faf99a3f131f4db2d5a02c01547642
      size: 643
  feature_engineering:
    cmd: python features/feature_engineering.py ../data/etl ../data/features
    deps:
    - path: ../data/etl
      md5: ce9bbab6fcee803efda9f2f4bd11195f.dir
      size: 103669759
      nfiles: 5
    - path: features/feature_engineering.py
      md5: c67425ed7d4a37584e2cd17ffb67d9cc
      size: 989
    outs:
    - path: ../data/features
      md5: d3f9f38e62ed356b48d1993aefd98a0e.dir
      size: 130278600
      nfiles: 8
  feature_extraction:
    cmd: python features/feature_extractor.py ../data/etl/sales_train.csv ../data/features
      ../data/unprocessed
    deps:
    - path: ../data/etl/sales_train.csv
      md5: 3dad13cbccd9d30e129b28e7818d9b47
      size: 97287296
    - path: ../data/features
      md5: d3f9f38e62ed356b48d1993aefd98a0e.dir
      size: 130278600
      nfiles: 8
    - path: features/feature_extractor.py
      md5: 876672db357adcd55ed9f856dcece98e
      size: 2134
    - path: features/split_config.json
      md5: 1c971802eea928687857bf4dcb41c776
      size: 85
    outs:
    - path: ../data/unprocessed/train.csv
      md5: e79c0a5e332cd9423398ca58927a19fc
      size: 232127512
    - path: ../data/unprocessed/val.csv
      md5: 557f3f5feec841d088743813d09c5626
      size: 6101202
  preprocessing:
    cmd: python features/preprocessing.py ../data/unprocessed ../data/processed
    deps:
    - path: ../data/unprocessed/train.csv
      md5: e79c0a5e332cd9423398ca58927a19fc
      size: 232127512
    - path: ../data/unprocessed/val.csv
      md5: 557f3f5feec841d088743813d09c5626
      size: 6101202
    - path: features/preprocessing.py
      md5: 98159c9b57a2cc1ba20501ed546979a5
      size: 843
    outs:
    - path: ../data/processed/train_x.csv
      md5: c5e7ca37408e68ebf61c786a227f93c2
      size: 694859696
    - path: ../data/processed/train_y.csv
      md5: 6419d48aea08be3af1605effdd344d6a
      size: 6379375
    - path: ../data/processed/val_x.csv
      md5: 42395e4a6e6212febdb45308f13d3a84
      size: 18059268
    - path: ../data/processed/val_y.csv
      md5: dd1df6b9369f5c210ff24f60196e871a
      size: 164178
